
Microsoft Visual Studio Solution File, Format Version 12.00
# Visual Studio 15
Project("{FAE04EC0-301F-11D3-BF4B-00C04F79EFBC}") = "project1", "project1\project1.csproj", "{0AA70B00-B060-4F37-8543-8A34439D0BCA}"
EndProject
Global
	GlobalSection(SolutionConfigurationPlatforms) = preSolution
		Debug|Any CPU = Debug|Any CPU
		Release|Any CPU = Release|Any CPU
	EndGlobalSection
	GlobalSection(ProjectConfigurationPlatforms) = postSolution
		{0AA70B00-B060-4F37-8543-8A34439D0BCA}.Debug|Any CPU.ActiveCfg = Debug|Any CPU
		{0AA70B00-B060-4F37-8543-8A34439D0BCA}.Debug|Any CPU.Build.0 = Debug|Any CPU
		{0AA70B00-B060-4F37-8543-8A34439D0BCA}.Release|Any CPU.ActiveCfg = Release|Any CPU
		{0AA70B00-B060-4F37-8543-8A34439D0BCA}.Release|Any CPU.Build.0 = Release|Any CPU
	EndGlobalSection
EndGlobal
